
Microsoft Visual Studio Solution File, Format Version 12.00
# Visual Studio Version 17
VisualStudioVersion = 17.14.36518.9 d17.14
MinimumVisualStudioVersion = 10.0.40219.1
Project("{FAE04EC0-301F-11D3-BF4B-00C04F79EFBC}") = "AspCorewebApiCRUD", "AspCorewebApiCRUD\AspCorewebApiCRUD.csproj", "{04628AA8-9E59-4B9A-B7D1-14571B5857F8}"
EndProject
Global
	GlobalSection(SolutionConfigurationPlatforms) = preSolution
		Debug|Any CPU = Debug|Any CPU
		Release|Any CPU = Release|Any CPU
	EndGlobalSection
	GlobalSection(ProjectConfigurationPlatforms) = postSolution
		{04628AA8-9E59-4B9A-B7D1-14571B5857F8}.Debug|Any CPU.ActiveCfg = Debug|Any CPU
		{04628AA8-9E59-4B9A-B7D1-14571B5857F8}.Debug|Any CPU.Build.0 = Debug|Any CPU
		{04628AA8-9E59-4B9A-B7D1-14571B5857F8}.Release|Any CPU.ActiveCfg = Release|Any CPU
		{04628AA8-9E59-4B9A-B7D1-14571B5857F8}.Release|Any CPU.Build.0 = Release|Any CPU
	EndGlobalSection
	GlobalSection(SolutionProperties) = preSolution
		HideSolutionNode = FALSE
	EndGlobalSection
	GlobalSection(ExtensibilityGlobals) = postSolution
		SolutionGuid = {BBB9904C-1A06-4F66-A42E-8E3A5036E76C}
	EndGlobalSection
EndGlobal
